
Microsoft Visual Studio Solution File, Format Version 12.00
# Visual Studio 2012
Project("{FAE04EC0-301F-11D3-BF4B-00C04F79EFBC}") = "WebUI", "WebUI\WebUI.csproj", "{A8A76730-2C4B-4983-B1F7-FCC430012CA4}"
EndProject
Project("{FAE04EC0-301F-11D3-BF4B-00C04F79EFBC}") = "ManageFcmsModel", "ManageFcmsModel\ManageFcmsModel.csproj", "{E71E4BC8-ADE7-4086-86CB-15385A2AF40A}"
EndProject
Project("{FAE04EC0-301F-11D3-BF4B-00C04F79EFBC}") = "ManageFcmsDal", "ManageFcmsDal\ManageFcmsDal.csproj", "{3F8171C1-D98B-4D8A-8B2B-589BDC793571}"
EndProject
Project("{FAE04EC0-301F-11D3-BF4B-00C04F79EFBC}") = "ManageFcmsBll", "ManageFcmsBll\ManageFcmsBll.csproj", "{163729C2-C615-42B0-9621-A1849EB93FF4}"
EndProject
Project("{FAE04EC0-301F-11D3-BF4B-00C04F79EFBC}") = "ManageFcmsCommon", "ManageFcmsCommon\ManageFcmsCommon.csproj", "{F46528FD-23DD-4293-B4C3-4A33B95C32E2}"
EndProject
Project("{FAE04EC0-301F-11D3-BF4B-00C04F79EFBC}") = "ManageFcmsConn", "ManageFcmsConn\ManageFcmsConn.csproj", "{4E8C3A41-9043-4D84-8290-886F9A5E3941}"
EndProject
Project("{FAE04EC0-301F-11D3-BF4B-00C04F79EFBC}") = "SignCert", "SignCert\SignCert.csproj", "{D9C1FAB2-6FC3-4A9A-BFFB-A00ECE6594C7}"
EndProject
Project("{FAE04EC0-301F-11D3-BF4B-00C04F79EFBC}") = "SignCertTest", "SignCertTest\SignCertTest.csproj", "{DABF5431-919C-4718-BC0D-BF7BE2CA7511}"
EndProject
Project("{FAE04EC0-301F-11D3-BF4B-00C04F79EFBC}") = "SignCertWindowService", "SignCertWindowService\SignCertWindowService.csproj", "{F8C61240-7ABE-4F0F-BE98-B5C3E9F75C83}"
EndProject
Project("{FAE04EC0-301F-11D3-BF4B-00C04F79EFBC}") = "LuckyDraw", "LuckyDraw\LuckyDraw.csproj", "{D897A410-AE9A-464B-B7EA-D81E97204988}"
EndProject
Global
	GlobalSection(SolutionConfigurationPlatforms) = preSolution
		Debug|Any CPU = Debug|Any CPU
		Release|Any CPU = Release|Any CPU
	EndGlobalSection
	GlobalSection(ProjectConfigurationPlatforms) = postSolution
		{A8A76730-2C4B-4983-B1F7-FCC430012CA4}.Debug|Any CPU.ActiveCfg = Debug|Any CPU
		{A8A76730-2C4B-4983-B1F7-FCC430012CA4}.Debug|Any CPU.Build.0 = Debug|Any CPU
		{A8A76730-2C4B-4983-B1F7-FCC430012CA4}.Release|Any CPU.ActiveCfg = Release|Any CPU
		{A8A76730-2C4B-4983-B1F7-FCC430012CA4}.Release|Any CPU.Build.0 = Release|Any CPU
		{E71E4BC8-ADE7-4086-86CB-15385A2AF40A}.Debug|Any CPU.ActiveCfg = Debug|Any CPU
		{E71E4BC8-ADE7-4086-86CB-15385A2AF40A}.Debug|Any CPU.Build.0 = Debug|Any CPU
		{E71E4BC8-ADE7-4086-86CB-15385A2AF40A}.Release|Any CPU.ActiveCfg = Release|Any CPU
		{E71E4BC8-ADE7-4086-86CB-15385A2AF40A}.Release|Any CPU.Build.0 = Release|Any CPU
		{3F8171C1-D98B-4D8A-8B2B-589BDC793571}.Debug|Any CPU.ActiveCfg = Debug|Any CPU
		{3F8171C1-D98B-4D8A-8B2B-589BDC793571}.Debug|Any CPU.Build.0 = Debug|Any CPU
		{3F8171C1-D98B-4D8A-8B2B-589BDC793571}.Release|Any CPU.ActiveCfg = Release|Any CPU
		{3F8171C1-D98B-4D8A-8B2B-589BDC793571}.Release|Any CPU.Build.0 = Release|Any CPU
		{163729C2-C615-42B0-9621-A1849EB93FF4}.Debug|Any CPU.ActiveCfg = Debug|Any CPU
		{163729C2-C615-42B0-9621-A1849EB93FF4}.Debug|Any CPU.Build.0 = Debug|Any CPU
		{163729C2-C615-42B0-9621-A1849EB93FF4}.Release|Any CPU.ActiveCfg = Release|Any CPU
		{163729C2-C615-42B0-9621-A1849EB93FF4}.Release|Any CPU.Build.0 = Release|Any CPU
		{F46528FD-23DD-4293-B4C3-4A33B95C32E2}.Debug|Any CPU.ActiveCfg = Debug|Any CPU
		{F46528FD-23DD-4293-B4C3-4A33B95C32E2}.Debug|Any CPU.Build.0 = Debug|Any CPU
		{F46528FD-23DD-4293-B4C3-4A33B95C32E2}.Release|Any CPU.ActiveCfg = Release|Any CPU
		{F46528FD-23DD-4293-B4C3-4A33B95C32E2}.Release|Any CPU.Build.0 = Release|Any CPU
		{4E8C3A41-9043-4D84-8290-886F9A5E3941}.Debug|Any CPU.ActiveCfg = Debug|Any CPU
		{4E8C3A41-9043-4D84-8290-886F9A5E3941}.Debug|Any CPU.Build.0 = Debug|Any CPU
		{4E8C3A41-9043-4D84-8290-886F9A5E3941}.Release|Any CPU.ActiveCfg = Release|Any CPU
		{4E8C3A41-9043-4D84-8290-886F9A5E3941}.Release|Any CPU.Build.0 = Release|Any CPU
		{D9C1FAB2-6FC3-4A9A-BFFB-A00ECE6594C7}.Debug|Any CPU.ActiveCfg = Debug|Any CPU
		{D9C1FAB2-6FC3-4A9A-BFFB-A00ECE6594C7}.Debug|Any CPU.Build.0 = Debug|Any CPU
		{D9C1FAB2-6FC3-4A9A-BFFB-A00ECE6594C7}.Release|Any CPU.ActiveCfg = Release|Any CPU
		{D9C1FAB2-6FC3-4A9A-BFFB-A00ECE6594C7}.Release|Any CPU.Build.0 = Release|Any CPU
		{DABF5431-919C-4718-BC0D-BF7BE2CA7511}.Debug|Any CPU.ActiveCfg = Debug|Any CPU
		{DABF5431-919C-4718-BC0D-BF7BE2CA7511}.Debug|Any CPU.Build.0 = Debug|Any CPU
		{DABF5431-919C-4718-BC0D-BF7BE2CA7511}.Release|Any CPU.ActiveCfg = Release|Any CPU
		{DABF5431-919C-4718-BC0D-BF7BE2CA7511}.Release|Any CPU.Build.0 = Release|Any CPU
		{F8C61240-7ABE-4F0F-BE98-B5C3E9F75C83}.Debug|Any CPU.ActiveCfg = Debug|Any CPU
		{F8C61240-7ABE-4F0F-BE98-B5C3E9F75C83}.Debug|Any CPU.Build.0 = Debug|Any CPU
		{F8C61240-7ABE-4F0F-BE98-B5C3E9F75C83}.Release|Any CPU.ActiveCfg = Release|Any CPU
		{F8C61240-7ABE-4F0F-BE98-B5C3E9F75C83}.Release|Any CPU.Build.0 = Release|Any CPU
		{D897A410-AE9A-464B-B7EA-D81E97204988}.Debug|Any CPU.ActiveCfg = Debug|Any CPU
		{D897A410-AE9A-464B-B7EA-D81E97204988}.Debug|Any CPU.Build.0 = Debug|Any CPU
		{D897A410-AE9A-464B-B7EA-D81E97204988}.Release|Any CPU.ActiveCfg = Release|Any CPU
		{D897A410-AE9A-464B-B7EA-D81E97204988}.Release|Any CPU.Build.0 = Release|Any CPU
	EndGlobalSection
	GlobalSection(SolutionProperties) = preSolution
		HideSolutionNode = FALSE
	EndGlobalSection
EndGlobal
